version = 1
revision = 2
requires-python = ">=3.12"

[[package]]
name = "click"
version = "8.3.1"
source = { registry = "https://pypi.org/simple" }
dependencies = [
    { name = "colorama", marker = "sys_platform == 'win32'" },
]
sdist = { url = "https://files.pythonhosted.org/packages/3d/fa/656b739db8587d7b5dfa22e22ed02566950fbfbcdc20311993483657a5c0/click-8.3.1.tar.gz", hash = "sha256:12ff4785d337a1bb490bb7e9c2b1ee5da3112e94a8622f26a6c77f5d2fc6842a", size = 295065, upload-time = "2025-11-15T20:45:42.706Z" }
wheels = [
    { url = "https://files.pythonhosted.org/packages/98/78/01c019cdb5d6498122777c1a43056ebb3ebfeef2076d9d026bfe15583b2b/click-8.3.1-py3-none-any.whl", hash = "sha256:981153a64e25f12d547d3426c367a4857371575ee7ad18df2a6183ab0545b2a6", size = 108274, upload-time = "2025-11-15T20:45:41.139Z" },
]

[[package]]
name = "click-default-group"
version = "1.2.4"
source = { registry = "https://pypi.org/simple" }
dependencies = [
    { name = "click" },
]
sdist = { url = "https://files.pythonhosted.org/packages/1d/ce/edb087fb53de63dad3b36408ca30368f438738098e668b78c87f93cd41df/click_default_group-1.2.4.tar.gz", hash = "sha256:eb3f3c99ec0d456ca6cd2a7f08f7d4e91771bef51b01bdd9580cc6450fe1251e", size = 3505, upload-time = "2023-08-04T07:54:58.425Z" }
wheels = [
    { url = "https://files.pythonhosted.org/packages/2c/1a/aff8bb287a4b1400f69e09a53bd65de96aa5cee5691925b38731c67fc695/click_default_group-1.2.4-py2.py3-none-any.whl", hash = "sha256:9b60486923720e7fc61731bdb32b617039aba820e22e1c88766b1125592eaa5f", size = 4123, upload-time = "2023-08-04T07:54:56.875Z" },
]

[[package]]
name = "codetiming"
version = "1.4.0"
source = { registry = "https://pypi.org/simple" }
sdist = { url = "https://files.pythonhosted.org/packages/ad/4e/c40bf151af20ba2748bd6ea24e484d7b6196b1056ba3a1a4ee33b6939c37/codetiming-1.4.0.tar.gz", hash = "sha256:4937bf913a2814258b87eaaa43d9a1bb24711ffd3557a9ab6934fa1fe3ba0dbc", size = 14899, upload-time = "2022-11-08T07:12:29.361Z" }
wheels = [
    { url = "https://files.pythonhosted.org/packages/bc/91/e4a2b7c64e738beefddfa24b409d6eecb16c378bde01578918b6ea722a09/codetiming-1.4.0-py3-none-any.whl", hash = "sha256:3b80f409bef00941a9755c5524071ce2f72eaa4520f4bc35b33869cde024ccbd", size = 7165, upload-time = "2022-11-08T07:12:23.553Z" },
]

[[package]]
name = "colorama"
version = "0.4.6"
source = { registry = "https://pypi.org/simple" }
sdist = { url = "https://files.pythonhosted.org/packages/d8/53/6f443c9a4a8358a93a6792e2acffb9d9d5cb0a5cfd8802644b7b1c9a02e4/colorama-0.4.6.tar.gz", hash = "sha256:08695f5cb7ed6e0531a20572697297273c47b8cae5a63ffc6d6ed5c201be6e44", size = 27697, upload-time = "2022-10-25T02:36:22.414Z" }
wheels = [
    { url = "https://files.pythonhosted.org/packages/d1/d6/3965ed04c63042e047cb6a3e6ed1a63a35087b6a609aa3a15ed8ac56c221/colorama-0.4.6-py2.py3-none-any.whl", hash = "sha256:4f1d9991f5acc0ca119f9d443620b77f9d6b33703e51011c16baf57afb285fc6", size = 25335, upload-time = "2022-10-25T02:36:20.889Z" },
]

[[package]]
name = "dulwich"
version = "1.0.0"
source = { registry = "https://pypi.org/simple" }
dependencies = [
    { name = "urllib3" },
]
sdist = { url = "https://files.pythonhosted.org/packages/ee/df/4178b6465e118e6e74fd78774b451953dd53c09fdec18f2c4b3319dd0485/dulwich-1.0.0.tar.gz", hash = "sha256:3d07104735525f22bfec35514ac611cf328c89b7acb059316a4f6e583c8f09bc", size = 1135862, upload-time = "2026-01-17T23:44:16.357Z" }
wheels = [
    { url = "https://files.pythonhosted.org/packages/cc/54/78054a9fd62aa7b1484e97673435cae494cad5d04f020d4571c47e9a2875/dulwich-1.0.0-cp312-cp312-macosx_11_0_arm64.whl", hash = "sha256:6736abc2ce2994e38a00a3a4c80237b2b944e7c6f4e346119debdd2592312d83", size = 1316278, upload-time = "2026-01-17T23:43:49.542Z" },
    { url = "https://files.pythonhosted.org/packages/30/20/b2140acf9431c8c862c200cd880b9e5cce8dbe9914324bf238ed92574aea/dulwich-1.0.0-cp312-cp312-manylinux_2_28_aarch64.whl", hash = "sha256:06514b02da1e32a077062924d2c3b20a7bc76ab9b92eeac691f72b76b14111bc", size = 1393024, upload-time = "2026-01-17T23:43:51.453Z" },
    { url = "https://files.pythonhosted.org/packages/69/71/ad744b9802f222dc364a851bd6130c17809b3472a81a16aefd7d3196f22a/dulwich-1.0.0-cp312-cp312-manylinux_2_28_x86_64.whl", hash = "sha256:32b6fb1205b1d9c0e43986f9e4e5e50a3670014440e61498eca2b8ab6b00129f", size = 1421022, upload-time = "2026-01-17T23:43:53.053Z" },
    { url = "https://files.pythonhosted.org/packages/21/c0/dfcd795a6b516b9e24aa4339dcc9cdd5ceffe007ad397e5b4938f9793981/dulwich-1.0.0-cp312-cp312-win32.whl", hash = "sha256:1a6583499b915fe5a8ac5595325f1e6a6a5a456de1575e0293e8a6ebb6915f3f", size = 980617, upload-time = "2026-01-17T23:43:54.642Z" },
    { url = "https://files.pythonhosted.org/packages/7c/d4/11075795cc8ab48c771c997fdefef612775ef2582c4710a8fba6ca987500/dulwich-1.0.0-cp312-cp312-win_amd64.whl", hash = "sha256:f90b54faeb995607c876cdb2c082c0f0af702e1ccb524c6126ce99a36536fa3f", size = 998048, upload-time = "2026-01-17T23:43:56.176Z" },
    { url = "https://files.pythonhosted.org/packages/97/82/5ce63c7a2ac8d756bc7477298633e420632eed97ea645ecea13210e9b1a7/dulwich-1.0.0-cp313-cp313-android_21_arm64_v8a.whl", hash = "sha256:ff94f47f0b5787d4e6a0105daf51ff9cdb4e5b9d4e9f8dd01b58ba9a5b79bbd9", size = 1417766, upload-time = "2026-01-17T23:43:57.855Z" },
    { url = "https://files.pythonhosted.org/packages/b9/71/7d4ecdf9e0da21ceec3ac05b03c2cac8cf2271a52172fd55dd65a9faa9e7/dulwich-1.0.0-cp313-cp313-android_21_x86_64.whl", hash = "sha256:1d95663441c930631d9d1765dc4f427dcc0662af45f42a0831357e60055ddb84", size = 1417760, upload-time = "2026-01-17T23:43:59.42Z" },
    { url = "https://files.pythonhosted.org/packages/09/3d/0486cefda75c7e9ea8d8dbdeaa014d618e694bc75734f073927135b37a4b/dulwich-1.0.0-cp313-cp313-macosx_11_0_arm64.whl", hash = "sha256:78542a62fabea894943a1d01c9c477a56eee5f7d58d3bdee42c7e0622ddf6893", size = 1316186, upload-time = "2026-01-17T23:44:01.334Z" },
    { url = "https://files.pythonhosted.org/packages/f7/a7/a24c6e1e9f7e5a2ee8f9e362e2c3e5d864cc2b69f04d02bedf82673f31c3/dulwich-1.0.0-cp313-cp313-manylinux_2_28_aarch64.whl", hash = "sha256:d1c33f6456e4335dfe6f4d3917fa7d77050d6470bbbaf8054b5c5084ee8e8cd1", size = 1392530, upload-time = "2026-01-17T23:44:03.655Z" },
    { url = "https://files.pythonhosted.org/packages/d4/03/1ff9dbda655fc714528786e3fdbbe16278bbefc02b9836e91a38620aa616/dulwich-1.0.0-cp313-cp313-manylinux_2_28_x86_64.whl", hash = "sha256:581330cf799577f194fda2b5384b7ba50e095de7ff088779c027a6de63642de2", size = 1420386, upload-time = "2026-01-17T23:44:05.844Z" },
    { url = "https://files.pythonhosted.org/packages/f0/ca/72e7cdde2ee0a4f858166ba8eb81a0d89f61762d9114bd7a358798892fc9/dulwich-1.0.0-cp313-cp313-win32.whl", hash = "sha256:276ff18ae734fe4a1be66d4267216a51d2deab0ac981d722db3d32fcc2ac4ff8", size = 981425, upload-time = "2026-01-17T23:44:07.373Z" },
    { url = "https://files.pythonhosted.org/packages/d7/27/8d4bed76ce983052e259da25255fed85b48ad30a34b4e4b7c8f518fdbc30/dulwich-1.0.0-cp313-cp313-win_amd64.whl", hash = "sha256:cc0ab4ba7fd8617bebe20294dedaa8f713d1767ce059bfbefd971b911b702726", size = 998055, upload-time = "2026-01-17T23:44:08.908Z" },
    { url = "https://files.pythonhosted.org/packages/49/65/e18082b56f9bed8e07f0632fbf3b9fd29d31d66dc3329359fe6577c98741/dulwich-1.0.0-cp314-cp314-android_24_arm64_v8a.whl", hash = "sha256:1bd4c872b617edc20e0b726479ec25705a0107a4bd16f83cb6cd108d86950634", size = 1435705, upload-time = "2026-01-17T23:44:10.991Z" },
    { url = "https://files.pythonhosted.org/packages/27/61/4974b3f593c3c1f7cf3656ca184246261632b81a27827ca453956d7b817e/dulwich-1.0.0-cp314-cp314-android_24_x86_64.whl", hash = "sha256:fc791771859258ffbe34a6579ece30684a535ae0341fd2f5adfa5f64cc885c13", size = 1435697, upload-time = "2026-01-17T23:44:12.708Z" },
    { url = "https://files.pythonhosted.org/packages/f9/99/4543953d2f7c1a940c1373362a70d253b85860be64b4ef8885bf8bfb340b/dulwich-1.0.0-py3-none-any.whl", hash = "sha256:221be803b71b060c928e9faae4ab3e259ff5beac6e0c251ba3c176b51b5c2ffb", size = 647950, upload-time = "2026-01-17T23:44:14.449Z" },
]

[[package]]
name = "dulwich-sqlite"
version = "0.1.0"
source = { editable = "." }
dependencies = [
    { name = "dulwich" },
    { name = "fastcdc" },
]

[package.optional-dependencies]
dev = [
    { name = "pytest" },
]

[package.metadata]
requires-dist = [
    { name = "dulwich", specifier = ">=1.0.0" },
    { name = "fastcdc", specifier = ">=1.5.0" },
    { name = "pytest", marker = "extra == 'dev'" },
]
provides-extras = ["dev"]

[[package]]
name = "fastcdc"
version = "1.7.0"
source = { registry = "https://pypi.org/simple" }
dependencies = [
    { name = "click" },
    { name = "click-default-group" },
    { name = "codetiming" },
    { name = "humanize" },
    { name = "py-cpuinfo" },
]
sdist = { url = "https://files.pythonhosted.org/packages/f6/b8/b4c03fea1cc6e5573e571304e248571669a5fe76b2c234cbe02dd00b2163/fastcdc-1.7.0.tar.gz", hash = "sha256:634b4fbea85296484e896b6ff70e43bcd94724989530c8639a6e5b253105eed2", size = 17628, upload-time = "2024-06-27T15:55:34.684Z" }
wheels = [
    { url = "https://files.pythonhosted.org/packages/4d/d2/de4fdb44aa33301db953abf36e5a178ce391657335c54182dc2281360d61/fastcdc-1.7.0-cp312-cp312-macosx_11_0_x86_64.whl", hash = "sha256:6cf75d6ebc38c9744e3e8e11486bd91b3301c453c258337ab34fc3806a0b47f3", size = 371015, upload-time = "2024-06-27T15:54:53.261Z" },
    { url = "https://files.pythonhosted.org/packages/d4/2e/be04e02d151b95840169575d81d7a1ed1e1be1ba94ed3aacef28f568a4ed/fastcdc-1.7.0-cp312-cp312-macosx_12_0_x86_64.whl", hash = "sha256:f797f02dad05ab3006f28e2fd7aa4c2f9be696341f40ee760730102de227bc0c", size = 371420, upload-time = "2024-06-27T15:54:55.415Z" },
    { url = "https://files.pythonhosted.org/packages/e7/77/b7033bb25541f4141a0993b314eb1a2c58a20e44e143e3bae253f1680e00/fastcdc-1.7.0-cp312-cp312-macosx_13_0_x86_64.whl", hash = "sha256:06628cdd1f58f216ed631b8cdf9d5b069210aaa8cc65e0e4ea255ca71eb84bc8", size = 368931, upload-time = "2024-06-27T15:54:57.448Z" },
    { url = "https://files.pythonhosted.org/packages/d1/fb/f9d2fbc4a6bc1ade4250d7ba6f331f7f1c282b72db4666c4b3441a020346/fastcdc-1.7.0-cp312-cp312-macosx_14_0_arm64.whl", hash = "sha256:b17830785a7b9e6507fc2d5b40c920aa16de3609f60797bc00c07061ac7ae72d", size = 368930, upload-time = "2024-06-27T15:54:59.753Z" },
    { url = "https://files.pythonhosted.org/packages/51/11/f4e758b1d75bbf35fd31108c180280ded5bb3466980a844832bef49db6a5/fastcdc-1.7.0-cp312-cp312-manylinux_2_31_x86_64.whl", hash = "sha256:2826371f08fb5b970723b9cec299cf003c6f1a86b1112d883473f433e9db2b10", size = 756146, upload-time = "2024-06-27T15:55:03.13Z" },
    { url = "https://files.pythonhosted.org/packages/31/ae/1995e5afc830e747fd33f5598f8d4dc8fa716e16235d4f9e2486a4eb2d51/fastcdc-1.7.0-cp312-cp312-win_amd64.whl", hash = "sha256:38bbbc21c28c12b618f465c128bd82164d4c620888ce8d39934ca33082d203c4", size = 270902, upload-time = "2024-06-27T15:55:05.813Z" },
]

[[package]]
name = "humanize"
version = "4.15.0"
source = { registry = "https://pypi.org/simple" }
sdist = { url = "https://files.pythonhosted.org/packages/ba/66/a3921783d54be8a6870ac4ccffcd15c4dc0dd7fcce51c6d63b8c63935276/humanize-4.15.0.tar.gz", hash = "sha256:1dd098483eb1c7ee8e32eb2e99ad1910baefa4b75c3aff3a82f4d78688993b10", size = 83599, upload-time = "2025-12-20T20:16:13.19Z" }
wheels = [
    { url = "https://files.pythonhosted.org/packages/c5/7b/bca5613a0c3b542420cf92bd5e5fb8ebd5435ce1011a091f66bb7693285e/humanize-4.15.0-py3-none-any.whl", hash = "sha256:b1186eb9f5a9749cd9cb8565aee77919dd7c8d076161cf44d70e59e3301e1769", size = 132203, upload-time = "2025-12-20T20:16:11.67Z" },
]

[[package]]
name = "iniconfig"
version = "2.3.0"
source = { registry = "https://pypi.org/simple" }
sdist = { url = "https://files.pythonhosted.org/packages/72/34/14ca021ce8e5dfedc35312d08ba8bf51fdd999c576889fc2c24cb97f4f10/iniconfig-2.3.0.tar.gz", hash = "sha256:c76315c77db068650d49c5b56314774a7804df16fee4402c1f19d6d15d8c4730", size = 20503, upload-time = "2025-10-18T21:55:43.219Z" }
wheels = [
    { url = "https://files.pythonhosted.org/packages/cb/b1/3846dd7f199d53cb17f49cba7e651e9ce294d8497c8c150530ed11865bb8/iniconfig-2.3.0-py3-none-any.whl", hash = "sha256:f631c04d2c48c52b84d0d0549c99ff3859c98df65b3101406327ecc7d53fbf12", size = 7484, upload-time = "2025-10-18T21:55:41.639Z" },
]

[[package]]
name = "packaging"
version = "26.0"
source = { registry = "https://pypi.org/simple" }
sdist = { url = "https://files.pythonhosted.org/packages/65/ee/299d360cdc32edc7d2cf530f3accf79c4fca01e96ffc950d8a52213bd8e4/packaging-26.0.tar.gz", hash = "sha256:00243ae351a257117b6a241061796684b084ed1c516a08c48a3f7e147a9d80b4", size = 143416, upload-time = "2026-01-21T20:50:39.064Z" }
wheels = [
    { url = "https://files.pythonhosted.org/packages/b7/b9/c538f279a4e237a006a2c98387d081e9eb060d203d8ed34467cc0f0b9b53/packaging-26.0-py3-none-any.whl", hash = "sha256:b36f1fef9334a5588b4166f8bcd26a14e521f2b55e6b9de3aaa80d3ff7a37529", size = 74366, upload-time = "2026-01-21T20:50:37.788Z" },
]

[[package]]
name = "pluggy"
version = "1.6.0"
source = { registry = "https://pypi.org/simple" }
sdist = { url = "https://files.pythonhosted.org/packages/f9/e2/3e91f31a7d2b083fe6ef3fa267035b518369d9511ffab804f839851d2779/pluggy-1.6.0.tar.gz", hash = "sha256:7dcc130b76258d33b90f61b658791dede3486c3e6bfb003ee5c9bfb396dd22f3", size = 69412, upload-time = "2025-05-15T12:30:07.975Z" }
wheels = [
    { url = "https://files.pythonhosted.org/packages/54/20/4d324d65cc6d9205fabedc306948156824eb9f0ee1633355a8f7ec5c66bf/pluggy-1.6.0-py3-none-any.whl", hash = "sha256:e920276dd6813095e9377c0bc5566d94c932c33b27a3e3945d8389c374dd4746", size = 20538, upload-time = "2025-05-15T12:30:06.134Z" },
]

[[package]]
name = "py-cpuinfo"
version = "9.0.0"
source = { registry = "https://pypi.org/simple" }
sdist = { url = "https://files.pythonhosted.org/packages/37/a8/d832f7293ebb21690860d2e01d8115e5ff6f2ae8bbdc953f0eb0fa4bd2c7/py-cpuinfo-9.0.0.tar.gz", hash = "sha256:3cdbbf3fac90dc6f118bfd64384f309edeadd902d7c8fb17f02ffa1fc3f49690", size = 104716, upload-time = "2022-10-25T20:38:06.303Z" }
wheels = [
    { url = "https://files.pythonhosted.org/packages/e0/a9/023730ba63db1e494a271cb018dcd361bd2c917ba7004c3e49d5daf795a2/py_cpuinfo-9.0.0-py3-none-any.whl", hash = "sha256:859625bc251f64e21f077d099d4162689c762b5d6a4c3c97553d56241c9674d5", size = 22335, upload-time = "2022-10-25T20:38:27.636Z" },
]

[[package]]
name = "pygments"
version = "2.19.2"
source = { registry = "https://pypi.org/simple" }
sdist = { url = "https://files.pythonhosted.org/packages/b0/77/a5b8c569bf593b0140bde72ea885a803b82086995367bf2037de0159d924/pygments-2.19.2.tar.gz", hash = "sha256:636cb2477cec7f8952536970bc533bc43743542f70392ae026374600add5b887", size = 4968631, upload-time = "2025-06-21T13:39:12.283Z" }
wheels = [
    { url = "https://files.pythonhosted.org/packages/c7/21/705964c7812476f378728bdf590ca4b771ec72385c533964653c68e86bdc/pygments-2.19.2-py3-none-any.whl", hash = "sha256:86540386c03d588bb81d44bc3928634ff26449851e99741617ecb9037ee5ec0b", size = 1225217, upload-time = "2025-06-21T13:39:07.939Z" },
]

[[package]]
name = "pytest"
version = "9.0.2"
source = { registry = "https://pypi.org/simple" }
dependencies = [
    { name = "colorama", marker = "sys_platform == 'win32'" },
    { name = "iniconfig" },
    { name = "packaging" },
    { name = "pluggy" },
    { name = "pygments" },
]
sdist = { url = "https://files.pythonhosted.org/packages/d1/db/7ef3487e0fb0049ddb5ce41d3a49c235bf9ad299b6a25d5780a89f19230f/pytest-9.0.2.tar.gz", hash = "sha256:75186651a92bd89611d1d9fc20f0b4345fd827c41ccd5c299a868a05d70edf11", size = 1568901, upload-time = "2025-12-06T21:30:51.014Z" }
wheels = [
    { url = "https://files.pythonhosted.org/packages/3b/ab/b3226f0bd7cdcf710fbede2b3548584366da3b19b5021e74f5bde2a8fa3f/pytest-9.0.2-py3-none-any.whl", hash = "sha256:711ffd45bf766d5264d487b917733b453d917afd2b0ad65223959f59089f875b", size = 374801, upload-time = "2025-12-06T21:30:49.154Z" },
]

[[package]]
name = "urllib3"
version = "2.6.3"
source = { registry = "https://pypi.org/simple" }
sdist = { url = "https://files.pythonhosted.org/packages/c7/24/5f1b3bdffd70275f6661c76461e25f024d5a38a46f04aaca912426a2b1d3/urllib3-2.6.3.tar.gz", hash = "sha256:1b62b6884944a57dbe321509ab94fd4d3b307075e0c2eae991ac71ee15ad38ed", size = 435556, upload-time = "2026-01-07T16:24:43.925Z" }
wheels = [
    { url = "https://files.pythonhosted.org/packages/39/08/aaaad47bc4e9dc8c725e68f9d04865dbcb2052843ff09c97b08904852d84/urllib3-2.6.3-py3-none-any.whl", hash = "sha256:bf272323e553dfb2e87d9bfd225ca7b0f467b919d7bbd355436d3fd37cb0acd4", size = 131584, upload-time = "2026-01-07T16:24:42.685Z" },
]
